
Microsoft Visual Studio Solution File, Format Version 12.00
# Visual Studio Version 17
VisualStudioVersion = 17.7.34031.279
MinimumVisualStudioVersion = 10.0.40219.1
Project("{FAE04EC0-301F-11D3-BF4B-00C04F79EFBC}") = "RandomSongPlayer", "RandomSongPlayer\RandomSongPlayer.csproj", "{B9296AD3-DFE5-4B4A-B9F4-91294DB94F19}"
EndProject
Global
	GlobalSection(SolutionConfigurationPlatforms) = preSolution
		Debug|Any CPU = Debug|Any CPU
		Release|Any CPU = Release|Any CPU
	EndGlobalSection
	GlobalSection(ProjectConfigurationPlatforms) = postSolution
		{B9296AD3-DFE5-4B4A-B9F4-91294DB94F19}.Debug|Any CPU.ActiveCfg = Debug|Any CPU
		{B9296AD3-DFE5-4B4A-B9F4-91294DB94F19}.Debug|Any CPU.Build.0 = Debug|Any CPU
		{B9296AD3-DFE5-4B4A-B9F4-91294DB94F19}.Release|Any CPU.ActiveCfg = Release|Any CPU
		{B9296AD3-DFE5-4B4A-B9F4-91294DB94F19}.Release|Any CPU.Build.0 = Release|Any CPU
	EndGlobalSection
	GlobalSection(SolutionProperties) = preSolution
		HideSolutionNode = FALSE
	EndGlobalSection
	GlobalSection(ExtensibilityGlobals) = postSolution
		SolutionGuid = {297814AF-C711-420C-B837-3EDAC70214D5}
	EndGlobalSection
EndGlobal
